
Microsoft Visual Studio Solution File, Format Version 12.00
# Visual Studio Version 17
VisualStudioVersion = 17.14.37301.10 d17.14
MinimumVisualStudioVersion = 10.0.40219.1
Project("{FAE04EC0-301F-11D3-BF4B-00C04F79EFBC}") = "Semestre_Tres", "Semestre_Tres.csproj", "{EC22DE5E-01A3-4CA1-BA0D-3B000AFD153A}"
EndProject
Global
	GlobalSection(SolutionConfigurationPlatforms) = preSolution
		Debug|Any CPU = Debug|Any CPU
		Release|Any CPU = Release|Any CPU
	EndGlobalSection
	GlobalSection(ProjectConfigurationPlatforms) = postSolution
		{EC22DE5E-01A3-4CA1-BA0D-3B000AFD153A}.Debug|Any CPU.ActiveCfg = Debug|Any CPU
		{EC22DE5E-01A3-4CA1-BA0D-3B000AFD153A}.Debug|Any CPU.Build.0 = Debug|Any CPU
		{EC22DE5E-01A3-4CA1-BA0D-3B000AFD153A}.Release|Any CPU.ActiveCfg = Release|Any CPU
		{EC22DE5E-01A3-4CA1-BA0D-3B000AFD153A}.Release|Any CPU.Build.0 = Release|Any CPU
	EndGlobalSection
	GlobalSection(SolutionProperties) = preSolution
		HideSolutionNode = FALSE
	EndGlobalSection
	GlobalSection(ExtensibilityGlobals) = postSolution
		SolutionGuid = {D8F43803-DA29-46EA-90A6-201C0B350C0A}
	EndGlobalSection
EndGlobal
